NeoBundleLock ctrlp.vim 4500b9f1d88467a6e5349580cbdc247c8846ee58
NeoBundleLock neobundle.vim 26d03781886ed887e390d4ad8b935987754b1c2c
NeoBundleLock nerdtree 4500b9f1d88467a6e5349580cbdc247c8846ee58
NeoBundleLock vim-airline 6e2a9e38cd466f42cede7e2b2dc3321295a370f0
NeoBundleLock vim-coffee-script 4500b9f1d88467a6e5349580cbdc247c8846ee58
NeoBundleLock vim-easymotion 4500b9f1d88467a6e5349580cbdc247c8846ee58
